
Microsoft Visual Studio Solution File, Format Version 12.00
# Visual Studio Version 17
VisualStudioVersion = 17.14.36511.14 d17.14
MinimumVisualStudioVersion = 10.0.40219.1
Project("{FAE04EC0-301F-11D3-BF4B-00C04F79EFBC}") = "BTH2", "BTH2.csproj", "{CF2FD898-C5A7-7427-6910-E4B289AE9CE5}"
EndProject
Global
	GlobalSection(SolutionConfigurationPlatforms) = preSolution
		Debug|Any CPU = Debug|Any CPU
		Release|Any CPU = Release|Any CPU
	EndGlobalSection
	GlobalSection(ProjectConfigurationPlatforms) = postSolution
		{CF2FD898-C5A7-7427-6910-E4B289AE9CE5}.Debug|Any CPU.ActiveCfg = Debug|Any CPU
		{CF2FD898-C5A7-7427-6910-E4B289AE9CE5}.Debug|Any CPU.Build.0 = Debug|Any CPU
		{CF2FD898-C5A7-7427-6910-E4B289AE9CE5}.Release|Any CPU.ActiveCfg = Release|Any CPU
		{CF2FD898-C5A7-7427-6910-E4B289AE9CE5}.Release|Any CPU.Build.0 = Release|Any CPU
	EndGlobalSection
	GlobalSection(SolutionProperties) = preSolution
		HideSolutionNode = FALSE
	EndGlobalSection
	GlobalSection(ExtensibilityGlobals) = postSolution
		SolutionGuid = {8619788C-7D0B-470E-8CE0-D100C6AF89E5}
	EndGlobalSection
EndGlobal
